
Microsoft Visual Studio Solution File, Format Version 12.00
# Visual Studio Version 16
VisualStudioVersion = 16.0.31702.278
MinimumVisualStudioVersion = 10.0.40219.1
Project("{FAE04EC0-301F-11D3-BF4B-00C04F79EFBC}") = "MyFirstApp", "MyFirstApp.csproj", "{40163C17-984B-45A9-ADE4-874326DFDE41}"
EndProject
Global
	GlobalSection(SolutionConfigurationPlatforms) = preSolution
		Debug|Any CPU = Debug|Any CPU
		Release|Any CPU = Release|Any CPU
	EndGlobalSection
	GlobalSection(ProjectConfigurationPlatforms) = postSolution
		{40163C17-984B-45A9-ADE4-874326DFDE41}.Debug|Any CPU.ActiveCfg = Debug|Any CPU
		{40163C17-984B-45A9-ADE4-874326DFDE41}.Debug|Any CPU.Build.0 = Debug|Any CPU
		{40163C17-984B-45A9-ADE4-874326DFDE41}.Release|Any CPU.ActiveCfg = Release|Any CPU
		{40163C17-984B-45A9-ADE4-874326DFDE41}.Release|Any CPU.Build.0 = Release|Any CPU
	EndGlobalSection
	GlobalSection(SolutionProperties) = preSolution
		HideSolutionNode = FALSE
	EndGlobalSection
	GlobalSection(ExtensibilityGlobals) = postSolution
		SolutionGuid = {5090A176-53E1-405C-95B6-10A477B43438}
	EndGlobalSection
EndGlobal
